{
  "originHash" : "7c3e128bd3582506d4f3ee835955a4e6cb4a7a5cf273f46e2c04328a85d3ec39",
  "pins" : [
    {
      "identity" : "adjson",
      "kind" : "remoteSourceControl",
      "location" : "https://github.com/g-cqd/ADJSON.git",
      "state" : {
        "branch" : "main",
        "revision" : "f64a0821025769eb7f2f53ddb6e8279ac430dcc9"
      }
    },
    {
      "identity" : "aemi",
      "kind" : "remoteSourceControl",
      "location" : "https://github.com/Aemi-Studio/aemi.git",
      "state" : {
        "branch" : "main",
        "revision" : "37b4c4c60be95581e6a659aa56175b10c1f93fb0"
      }
    },
    {
      "identity" : "indexstore-db",
      "kind" : "remoteSourceControl",
      "location" : "https://github.com/swiftlang/indexstore-db.git",
      "state" : {
        "revision" : "cb3b960568f18a3cc018923f5824323b5c4edd0b"
      }
    },
    {
      "identity" : "swift-argument-parser",
      "kind" : "remoteSourceControl",
      "location" : "https://github.com/apple/swift-argument-parser.git",
      "state" : {
        "revision" : "6a52f3251125d74daf04fcbd5e6f08a75d074382",
        "version" : "1.8.2"
      }
    },
    {
      "identity" : "swift-collections",
      "kind" : "remoteSourceControl",
      "location" : "https://github.com/apple/swift-collections.git",
      "state" : {
        "revision" : "a0cb0954ecb21e4e31b0070e6ed5674e8556685a",
        "version" : "1.6.0"
      }
    },
    {
      "identity" : "swift-lmdb",
      "kind" : "remoteSourceControl",
      "location" : "https://github.com/swiftlang/swift-lmdb.git",
      "state" : {
        "branch" : "main",
        "revision" : "866bc2563f360a7d84f0e87feb27df23c8958537"
      }
    },
    {
      "identity" : "swift-syntax",
      "kind" : "remoteSourceControl",
      "location" : "https://github.com/swiftlang/swift-syntax.git",
      "state" : {
        "revision" : "79e4b74a295b6eb74a8b585e3a39d29e70c1dbd1",
        "version" : "603.0.2"
      }
    },
    {
      "identity" : "swift-system",
      "kind" : "remoteSourceControl",
      "location" : "https://github.com/apple/swift-system.git",
      "state" : {
        "revision" : "869129b7bf4ecc57b97d0193ad29690ca2134750",
        "version" : "1.8.1"
      }
    }
  ],
  "version" : 3
}
