{
  "originHash" : "ea3eff547a51ae27a5a485630f786c28583602c006e3dcd37e4e9b629b6ce06a",
  "pins" : [
    {
      "identity" : "adfoundation",
      "kind" : "remoteSourceControl",
      "location" : "https://github.com/g-cqd/ADFoundation.git",
      "state" : {
        "revision" : "1c18a999192d59127ca5df7f32251c5a165dcf8c",
        "version" : "0.1.1"
      }
    },
    {
      "identity" : "adjson",
      "kind" : "remoteSourceControl",
      "location" : "https://github.com/g-cqd/ADJSON.git",
      "state" : {
        "revision" : "644b638147759451f90d558b7d8aefcc5426f749",
        "version" : "0.1.1"
      }
    },
    {
      "identity" : "indexstore-db",
      "kind" : "remoteSourceControl",
      "location" : "https://github.com/swiftlang/indexstore-db.git",
      "state" : {
        "revision" : "cb3b960568f18a3cc018923f5824323b5c4edd0b"
      }
    },
    {
      "identity" : "swift-argument-parser",
      "kind" : "remoteSourceControl",
      "location" : "https://github.com/apple/swift-argument-parser.git",
      "state" : {
        "revision" : "6a52f3251125d74daf04fcbd5e6f08a75d074382",
        "version" : "1.8.2"
      }
    },
    {
      "identity" : "swift-collections",
      "kind" : "remoteSourceControl",
      "location" : "https://github.com/apple/swift-collections.git",
      "state" : {
        "revision" : "a0cb0954ecb21e4e31b0070e6ed5674e8556685a",
        "version" : "1.6.0"
      }
    },
    {
      "identity" : "swift-lmdb",
      "kind" : "remoteSourceControl",
      "location" : "https://github.com/swiftlang/swift-lmdb.git",
      "state" : {
        "branch" : "main",
        "revision" : "a4bc87807721c1fd114bf35464457e2db0d0e6c0"
      }
    },
    {
      "identity" : "swift-syntax",
      "kind" : "remoteSourceControl",
      "location" : "https://github.com/swiftlang/swift-syntax.git",
      "state" : {
        "revision" : "79e4b74a295b6eb74a8b585e3a39d29e70c1dbd1",
        "version" : "603.0.2"
      }
    },
    {
      "identity" : "swift-system",
      "kind" : "remoteSourceControl",
      "location" : "https://github.com/apple/swift-system.git",
      "state" : {
        "revision" : "869129b7bf4ecc57b97d0193ad29690ca2134750",
        "version" : "1.8.1"
      }
    }
  ],
  "version" : 3
}
